{
  "version": 4,
  "terraform_version": "1.5.0",
  "serial": 3,
  "lineage": "ce89cd5f-49b9-699c-7bad-ea5c0ce62aed",
  "outputs": {},
  "resources": [
    {
      "mode": "managed",
      "type": "google_storage_bucket",
      "name": "file-store",
      "provider": "provider[\"registry.terraform.io/hashicorp/google\"]",
      "instances": [
        {
          "schema_version": 0,
          "attributes": {
            "autoclass": [],
            "cors": [],
            "custom_placement_config": [],
            "default_event_based_hold": false,
            "encryption": [],
            "force_destroy": false,
            "id": "file-store-7312815287351254182",
            "labels": {},
            "lifecycle_rule": [],
            "location": "US",
            "logging": [],
            "name": "file-store-7312815287351254182",
            "project": "pacific-ethos-388512",
            "public_access_prevention": "inherited",
            "requester_pays": false,
            "retention_policy": [],
            "self_link": "https://www.googleapis.com/storage/v1/b/file-store-7312815287351254182",
            "storage_class": "STANDARD",
            "timeouts": null,
            "uniform_bucket_level_access": false,
            "url": "gs://file-store-7312815287351254182",
            "versioning": [],
            "website": []
          },
          "sensitive_attributes": [],
          "private": "eyJlMmJmYjczMC1lY2FhLTExZTYtOGY4OC0zNDM2M2JjN2M0YzAiOnsiY3JlYXRlIjo2MDAwMDAwMDAwMDAsInJlYWQiOjI0MDAwMDAwMDAwMCwidXBkYXRlIjoyNDAwMDAwMDAwMDB9fQ=="
        }
      ]
    },
    {
      "mode": "managed",
      "type": "google_storage_bucket_object",
      "name": "file",
      "provider": "provider[\"registry.terraform.io/hashicorp/google\"]",
      "instances": [
        {
          "schema_version": 0,
          "attributes": {
            "bucket": "file-store-7312815287351254182",
            "cache_control": "",
            "content": null,
            "content_disposition": "",
            "content_encoding": "",
            "content_language": "",
            "content_type": "text/plain; charset=utf-8",
            "crc32c": "7CYkig==",
            "customer_encryption": [],
            "detect_md5hash": "vYSmUBP2l49LERdqjgGFBQ==",
            "event_based_hold": false,
            "id": "file-store-7312815287351254182-testFile",
            "kms_key_name": "",
            "md5hash": "vYSmUBP2l49LERdqjgGFBQ==",
            "media_link": "https://storage.googleapis.com/download/storage/v1/b/file-store-7312815287351254182/o/testFile?generation=1686970077755813\u0026alt=media",
            "metadata": null,
            "name": "testFile",
            "output_name": "testFile",
            "self_link": "https://www.googleapis.com/storage/v1/b/file-store-7312815287351254182/o/testFile",
            "source": "file.txt",
            "storage_class": "STANDARD",
            "temporary_hold": false,
            "timeouts": null
          },
          "sensitive_attributes": [],
          "private": "eyJlMmJmYjczMC1lY2FhLTExZTYtOGY4OC0zNDM2M2JjN2M0YzAiOnsiY3JlYXRlIjoyNDAwMDAwMDAwMDAsImRlbGV0ZSI6MjQwMDAwMDAwMDAwLCJ1cGRhdGUiOjI0MDAwMDAwMDAwMH19",
          "dependencies": [
            "google_storage_bucket.file-store"
          ]
        }
      ]
    }
  ],
  "check_results": null
}
